
Microsoft Visual Studio Solution File, Format Version 12.00
# Visual Studio Version 16
VisualStudioVersion = 16.0.30011.22
MinimumVisualStudioVersion = 10.0.40219.1
Project("{FAE04EC0-301F-11D3-BF4B-00C04F79EFBC}") = "MojaNawigacja", "MojaNawigacja.csproj", "{B8E258C4-907C-449C-A2EB-4D3C8E809A95}"
EndProject
Project("{FAE04EC0-301F-11D3-BF4B-00C04F79EFBC}") = "MojaNawigacja.Tests", "..\MojaNawigacja.Tests\MojaNawigacja.Tests.csproj", "{8DFA9535-3396-42A6-AD19-0B19ECCE384E}"
EndProject
Global
	GlobalSection(SolutionConfigurationPlatforms) = preSolution
		Debug|Any CPU = Debug|Any CPU
		Release|Any CPU = Release|Any CPU
	EndGlobalSection
	GlobalSection(ProjectConfigurationPlatforms) = postSolution
		{B8E258C4-907C-449C-A2EB-4D3C8E809A95}.Debug|Any CPU.ActiveCfg = Debug|Any CPU
		{B8E258C4-907C-449C-A2EB-4D3C8E809A95}.Debug|Any CPU.Build.0 = Debug|Any CPU
		{B8E258C4-907C-449C-A2EB-4D3C8E809A95}.Release|Any CPU.ActiveCfg = Release|Any CPU
		{B8E258C4-907C-449C-A2EB-4D3C8E809A95}.Release|Any CPU.Build.0 = Release|Any CPU
		{8DFA9535-3396-42A6-AD19-0B19ECCE384E}.Debug|Any CPU.ActiveCfg = Debug|Any CPU
		{8DFA9535-3396-42A6-AD19-0B19ECCE384E}.Debug|Any CPU.Build.0 = Debug|Any CPU
		{8DFA9535-3396-42A6-AD19-0B19ECCE384E}.Release|Any CPU.ActiveCfg = Release|Any CPU
		{8DFA9535-3396-42A6-AD19-0B19ECCE384E}.Release|Any CPU.Build.0 = Release|Any CPU
	EndGlobalSection
	GlobalSection(SolutionProperties) = preSolution
		HideSolutionNode = FALSE
	EndGlobalSection
	GlobalSection(ExtensibilityGlobals) = postSolution
		SolutionGuid = {E4EEA326-FCBF-47BF-94AA-F5F2F8A351D2}
	EndGlobalSection
EndGlobal
